
Microsoft Visual Studio Solution File, Format Version 12.00
# Visual Studio 2015
Project("{FAE04EC0-301F-11D3-BF4B-00C04F79EFBC}") = "Labitect", "Labitect.csproj", "{5CF0E555-6E55-D07D-6193-E58E79E4EEA6}"
EndProject
Project("{FAE04EC0-301F-11D3-BF4B-00C04F79EFBC}") = "Labitect.Editor", "Labitect.Editor.csproj", "{D2DC4EF4-DE5E-DD63-E86E-21AC91EB791D}"
EndProject
Global
	GlobalSection(SolutionConfigurationPlatforms) = preSolution
		Debug|Any CPU = Debug|Any CPU
		Release|Any CPU = Release|Any CPU
	EndGlobalSection
	GlobalSection(ProjectConfigurationPlatforms) = postSolution
		{5CF0E555-6E55-D07D-6193-E58E79E4EEA6}.Debug|Any CPU.ActiveCfg = Debug|Any CPU
		{5CF0E555-6E55-D07D-6193-E58E79E4EEA6}.Debug|Any CPU.Build.0 = Debug|Any CPU
		{5CF0E555-6E55-D07D-6193-E58E79E4EEA6}.Release|Any CPU.ActiveCfg = Release|Any CPU
		{5CF0E555-6E55-D07D-6193-E58E79E4EEA6}.Release|Any CPU.Build.0 = Release|Any CPU
		{D2DC4EF4-DE5E-DD63-E86E-21AC91EB791D}.Debug|Any CPU.ActiveCfg = Debug|Any CPU
		{D2DC4EF4-DE5E-DD63-E86E-21AC91EB791D}.Debug|Any CPU.Build.0 = Debug|Any CPU
		{D2DC4EF4-DE5E-DD63-E86E-21AC91EB791D}.Release|Any CPU.ActiveCfg = Release|Any CPU
		{D2DC4EF4-DE5E-DD63-E86E-21AC91EB791D}.Release|Any CPU.Build.0 = Release|Any CPU
	EndGlobalSection
	GlobalSection(SolutionProperties) = preSolution
		HideSolutionNode = FALSE
	EndGlobalSection
EndGlobal
